
Microsoft Visual Studio Solution File, Format Version 12.00
# Visual Studio Version 16
VisualStudioVersion = 16.0.30907.101
MinimumVisualStudioVersion = 10.0.40219.1
Project("{FAE04EC0-301F-11D3-BF4B-00C04F79EFBC}") = "Coast Busters", "Coast Busters.csproj", "{057EA14C-ACC5-49CE-943E-D7CE2B6A1A72}"
EndProject
Global
	GlobalSection(SolutionConfigurationPlatforms) = preSolution
		Debug|Any CPU = Debug|Any CPU
		Release|Any CPU = Release|Any CPU
	EndGlobalSection
	GlobalSection(ProjectConfigurationPlatforms) = postSolution
		{057EA14C-ACC5-49CE-943E-D7CE2B6A1A72}.Debug|Any CPU.ActiveCfg = Debug|Any CPU
		{057EA14C-ACC5-49CE-943E-D7CE2B6A1A72}.Debug|Any CPU.Build.0 = Debug|Any CPU
		{057EA14C-ACC5-49CE-943E-D7CE2B6A1A72}.Release|Any CPU.ActiveCfg = Release|Any CPU
		{057EA14C-ACC5-49CE-943E-D7CE2B6A1A72}.Release|Any CPU.Build.0 = Release|Any CPU
	EndGlobalSection
	GlobalSection(SolutionProperties) = preSolution
		HideSolutionNode = FALSE
	EndGlobalSection
	GlobalSection(ExtensibilityGlobals) = postSolution
		SolutionGuid = {4D83C394-F55C-4572-9D88-6429DC312B8B}
	EndGlobalSection
EndGlobal
